// !$*UTF8*$!
{
	archiveVersion = 1;
	classes = {
	};
	objectVersion = 56;
	objects = {

/* Begin PBXBuildFile section */
		7413A31D2BDCC9310049FDCF /* CombineMoya in Frameworks */ = {isa = PBXBuildFile; productRef = 7413A31C2BDCC9310049FDCF /* CombineMoya */; };
		7413A31F2BDCC9310049FDCF /* Moya in Frameworks */ = {isa = PBXBuildFile; productRef = 7413A31E2BDCC9310049FDCF /* Moya */; };
		7413A3212BDCC9310049FDCF /* ReactiveMoya in Frameworks */ = {isa = PBXBuildFile; productRef = 7413A3202BDCC9310049FDCF /* ReactiveMoya */; };
		7413A3232BDCC9310049FDCF /* RxMoya in Frameworks */ = {isa = PBXBuildFile; productRef = 7413A3222BDCC9310049FDCF /* RxMoya */; };
		7413A3252BDCCA120049FDCF /* Config.swift in Sources */ = {isa = PBXBuildFile; fileRef = 7413A3242BDCCA120049FDCF /* Config.swift */; };
		7413A3282BDCCE690049FDCF /* NetworkResult.swift in Sources */ = {isa = PBXBuildFile; fileRef = 7413A3272BDCCE690049FDCF /* NetworkResult.swift */; };
		7413A32A2BDCCE9F0049FDCF /* MoyaLogginPlugin.swift in Sources */ = {isa = PBXBuildFile; fileRef = 7413A3292BDCCE9F0049FDCF /* MoyaLogginPlugin.swift */; };
		7413A32F2BDCCF1A0049FDCF /* SignUpRequestModel.swift in Sources */ = {isa = PBXBuildFile; fileRef = 7413A32E2BDCCF1A0049FDCF /* SignUpRequestModel.swift */; };
		7413A3312BDCCF400049FDCF /* SignUpResponseModel.swift in Sources */ = {isa = PBXBuildFile; fileRef = 7413A3302BDCCF400049FDCF /* SignUpResponseModel.swift */; };
		7413A3332BDCCF5C0049FDCF /* SignUpViewController.swift in Sources */ = {isa = PBXBuildFile; fileRef = 7413A3322BDCCF5C0049FDCF /* SignUpViewController.swift */; };
		7413A3352BDCCF840049FDCF /* UserTargetType.swift in Sources */ = {isa = PBXBuildFile; fileRef = 7413A3342BDCCF840049FDCF /* UserTargetType.swift */; };
		7413A3372BDCCF9E0049FDCF /* UserService.swift in Sources */ = {isa = PBXBuildFile; fileRef = 7413A3362BDCCF9E0049FDCF /* UserService.swift */; };
		7413A33A2BDCCFC00049FDCF /* CheckUserInfoViewController.swift in Sources */ = {isa = PBXBuildFile; fileRef = 7413A3392BDCCFC00049FDCF /* CheckUserInfoViewController.swift */; };
		7413A33C2BDCCFDB0049FDCF /* UserInfoResponseModel.swift in Sources */ = {isa = PBXBuildFile; fileRef = 7413A33B2BDCCFDB0049FDCF /* UserInfoResponseModel.swift */; };
		7413A33F2BDCD0230049FDCF /* Then in Frameworks */ = {isa = PBXBuildFile; productRef = 7413A33E2BDCD0230049FDCF /* Then */; };
		7413A3412BDCD8990049FDCF /* LoginServerViewController.swift in Sources */ = {isa = PBXBuildFile; fileRef = 7413A3402BDCD8990049FDCF /* LoginServerViewController.swift */; };
		7413A3442BDCD9820049FDCF /* LoginRequestModel.swift in Sources */ = {isa = PBXBuildFile; fileRef = 7413A3432BDCD9820049FDCF /* LoginRequestModel.swift */; };
		7413A3462BDCDD3E0049FDCF /* LoginResponseModel.swift in Sources */ = {isa = PBXBuildFile; fileRef = 7413A3452BDCDD3E0049FDCF /* LoginResponseModel.swift */; };
		744140872BD38A5700C90238 /* LoginView.swift in Sources */ = {isa = PBXBuildFile; fileRef = 744140862BD38A5700C90238 /* LoginView.swift */; };
		744140892BD38ABD00C90238 /* LoginViewController_CustomView.swift in Sources */ = {isa = PBXBuildFile; fileRef = 744140882BD38ABD00C90238 /* LoginViewController_CustomView.swift */; };
		7441408B2BD38E9400C90238 /* ChatViewController.swift in Sources */ = {isa = PBXBuildFile; fileRef = 7441408A2BD38E9400C90238 /* ChatViewController.swift */; };
		7441408D2BD38EC400C90238 /* ChatTableViewCell.swift in Sources */ = {isa = PBXBuildFile; fileRef = 7441408C2BD38EC400C90238 /* ChatTableViewCell.swift */; };
		744140902BD39C7800C90238 /* ChatModel.swift in Sources */ = {isa = PBXBuildFile; fileRef = 7441408F2BD39C7800C90238 /* ChatModel.swift */; };
		744140932BD3A6B700C90238 /* ItemViewController.swift in Sources */ = {isa = PBXBuildFile; fileRef = 744140922BD3A6B700C90238 /* ItemViewController.swift */; };
		744140952BD3AA2700C90238 /* ItemCollectionViewCell.swift in Sources */ = {isa = PBXBuildFile; fileRef = 744140942BD3AA2600C90238 /* ItemCollectionViewCell.swift */; };
		744140972BD3AA9600C90238 /* ItemModel.swift in Sources */ = {isa = PBXBuildFile; fileRef = 744140962BD3AA9600C90238 /* ItemModel.swift */; };
		7443300F2C01BE130098850A /* LoginViewController_DI.swift in Sources */ = {isa = PBXBuildFile; fileRef = 7443300E2C01BE130098850A /* LoginViewController_DI.swift */; };
		744330112C01BE420098850A /* ViewModelType.swift in Sources */ = {isa = PBXBuildFile; fileRef = 744330102C01BE420098850A /* ViewModelType.swift */; };
		744330132C01BE660098850A /* LoginViewModel_Rx.swift in Sources */ = {isa = PBXBuildFile; fileRef = 744330122C01BE660098850A /* LoginViewModel_Rx.swift */; };
		744330152C01BE940098850A /* LoginViewController_Rx.swift in Sources */ = {isa = PBXBuildFile; fileRef = 744330142C01BE940098850A /* LoginViewController_Rx.swift */; };
		744330172C01BEC10098850A /* LoginViewController_LiveCoding.swift in Sources */ = {isa = PBXBuildFile; fileRef = 744330162C01BEC10098850A /* LoginViewController_LiveCoding.swift */; };
		74B321B42BD0E6C900476086 /* UIScrollViewController.swift in Sources */ = {isa = PBXBuildFile; fileRef = 74B321B32BD0E6C900476086 /* UIScrollViewController.swift */; };
		74B321B82BD0E71600476086 /* LoginViewController_Closure.swift in Sources */ = {isa = PBXBuildFile; fileRef = 74B321B72BD0E71600476086 /* LoginViewController_Closure.swift */; };
		74B321BA2BD0E72700476086 /* WelcomeViewController_Closure.swift in Sources */ = {isa = PBXBuildFile; fileRef = 74B321B92BD0E72700476086 /* WelcomeViewController_Closure.swift */; };
		74B321BD2BD0E74900476086 /* WelcomeViewController_DelegatePattern.swift in Sources */ = {isa = PBXBuildFile; fileRef = 74B321BC2BD0E74900476086 /* WelcomeViewController_DelegatePattern.swift */; };
		74B321BF2BD0E75F00476086 /* LoginViewController_DelegatePattern.swift in Sources */ = {isa = PBXBuildFile; fileRef = 74B321BE2BD0E75F00476086 /* LoginViewController_DelegatePattern.swift */; };
		74B321C22BD0E77200476086 /* SnapKit in Frameworks */ = {isa = PBXBuildFile; productRef = 74B321C12BD0E77200476086 /* SnapKit */; };
		74B321C42BD0E77200476086 /* SnapKit-Dynamic in Frameworks */ = {isa = PBXBuildFile; productRef = 74B321C32BD0E77200476086 /* SnapKit-Dynamic */; };
		74D943562BB7D7AE00DF4AC7 /* AppDelegate.swift in Sources */ = {isa = PBXBuildFile; fileRef = 74D943552BB7D7AE00DF4AC7 /* AppDelegate.swift */; };
		74D943582BB7D7AE00DF4AC7 /* SceneDelegate.swift in Sources */ = {isa = PBXBuildFile; fileRef = 74D943572BB7D7AE00DF4AC7 /* SceneDelegate.swift */; };
		74D9435D2BB7D7AE00DF4AC7 /* Main.storyboard in Resources */ = {isa = PBXBuildFile; fileRef = 74D9435B2BB7D7AE00DF4AC7 /* Main.storyboard */; };
		74D9435F2BB7D7B000DF4AC7 /* Assets.xcassets in Resources */ = {isa = PBXBuildFile; fileRef = 74D9435E2BB7D7B000DF4AC7 /* Assets.xcassets */; };
		74D943622BB7D7B000DF4AC7 /* LaunchScreen.storyboard in Resources */ = {isa = PBXBuildFile; fileRef = 74D943602BB7D7B000DF4AC7 /* LaunchScreen.storyboard */; };
		74D9436A2BB7E4AF00DF4AC7 /* LoginViewController.swift in Sources */ = {isa = PBXBuildFile; fileRef = 74D943692BB7E4AF00DF4AC7 /* LoginViewController.swift */; };
		74D9436E2BB7E63800DF4AC7 /* WelcomeViewController.swift in Sources */ = {isa = PBXBuildFile; fileRef = 74D9436D2BB7E63800DF4AC7 /* WelcomeViewController.swift */; };
		74D943732BB7F04200DF4AC7 /* Pretendard-Bold.otf in Resources */ = {isa = PBXBuildFile; fileRef = 74D943702BB7EDEF00DF4AC7 /* Pretendard-Bold.otf */; };
		74D943742BB7F04500DF4AC7 /* Pretendard-SemiBold.otf in Resources */ = {isa = PBXBuildFile; fileRef = 74D943712BB7EDEF00DF4AC7 /* Pretendard-SemiBold.otf */; };
		74D943752BB7F04700DF4AC7 /* Pretendard-ExtraBold.otf in Resources */ = {isa = PBXBuildFile; fileRef = 74D9436F2BB7EDEF00DF4AC7 /* Pretendard-ExtraBold.otf */; };
/* End PBXBuildFile section */

/* Begin PBXFileReference section */
		7413A3242BDCCA120049FDCF /* Config.swift */ = {isa = PBXFileReference; lastKnownFileType = sourcecode.swift; path = Config.swift; sourceTree = "<group>"; };
		7413A3272BDCCE690049FDCF /* NetworkResult.swift */ = {isa = PBXFileReference; lastKnownFileType = sourcecode.swift; path = NetworkResult.swift; sourceTree = "<group>"; };
		7413A3292BDCCE9F0049FDCF /* MoyaLogginPlugin.swift */ = {isa = PBXFileReference; lastKnownFileType = sourcecode.swift; path = MoyaLogginPlugin.swift; sourceTree = "<group>"; };
		7413A32E2BDCCF1A0049FDCF /* SignUpRequestModel.swift */ = {isa = PBXFileReference; lastKnownFileType = sourcecode.swift; path = SignUpRequestModel.swift; sourceTree = "<group>"; };
		7413A3302BDCCF400049FDCF /* SignUpResponseModel.swift */ = {isa = PBXFileReference; lastKnownFileType = sourcecode.swift; path = SignUpResponseModel.swift; sourceTree = "<group>"; };
		7413A3322BDCCF5C0049FDCF /* SignUpViewController.swift */ = {isa = PBXFileReference; lastKnownFileType = sourcecode.swift; path = SignUpViewController.swift; sourceTree = "<group>"; };
		7413A3342BDCCF840049FDCF /* UserTargetType.swift */ = {isa = PBXFileReference; lastKnownFileType = sourcecode.swift; path = UserTargetType.swift; sourceTree = "<group>"; };
		7413A3362BDCCF9E0049FDCF /* UserService.swift */ = {isa = PBXFileReference; lastKnownFileType = sourcecode.swift; path = UserService.swift; sourceTree = "<group>"; };
		7413A3392BDCCFC00049FDCF /* CheckUserInfoViewController.swift */ = {isa = PBXFileReference; lastKnownFileType = sourcecode.swift; path = CheckUserInfoViewController.swift; sourceTree = "<group>"; };
		7413A33B2BDCCFDB0049FDCF /* UserInfoResponseModel.swift */ = {isa = PBXFileReference; lastKnownFileType = sourcecode.swift; path = UserInfoResponseModel.swift; sourceTree = "<group>"; };
		7413A3402BDCD8990049FDCF /* LoginServerViewController.swift */ = {isa = PBXFileReference; lastKnownFileType = sourcecode.swift; path = LoginServerViewController.swift; sourceTree = "<group>"; };
		7413A3432BDCD9820049FDCF /* LoginRequestModel.swift */ = {isa = PBXFileReference; lastKnownFileType = sourcecode.swift; path = LoginRequestModel.swift; sourceTree = "<group>"; };
		7413A3452BDCDD3E0049FDCF /* LoginResponseModel.swift */ = {isa = PBXFileReference; lastKnownFileType = sourcecode.swift; path = LoginResponseModel.swift; sourceTree = "<group>"; };
		744140862BD38A5700C90238 /* LoginView.swift */ = {isa = PBXFileReference; lastKnownFileType = sourcecode.swift; path = LoginView.swift; sourceTree = "<group>"; };
		744140882BD38ABD00C90238 /* LoginViewController_CustomView.swift */ = {isa = PBXFileReference; lastKnownFileType = sourcecode.swift; path = LoginViewController_CustomView.swift; sourceTree = "<group>"; };
		7441408A2BD38E9400C90238 /* ChatViewController.swift */ = {isa = PBXFileReference; lastKnownFileType = sourcecode.swift; path = ChatViewController.swift; sourceTree = "<group>"; };
		7441408C2BD38EC400C90238 /* ChatTableViewCell.swift */ = {isa = PBXFileReference; lastKnownFileType = sourcecode.swift; path = ChatTableViewCell.swift; sourceTree = "<group>"; };
		7441408F2BD39C7800C90238 /* ChatModel.swift */ = {isa = PBXFileReference; lastKnownFileType = sourcecode.swift; path = ChatModel.swift; sourceTree = "<group>"; };
		744140922BD3A6B700C90238 /* ItemViewController.swift */ = {isa = PBXFileReference; lastKnownFileType = sourcecode.swift; path = ItemViewController.swift; sourceTree = "<group>"; };
		744140942BD3AA2600C90238 /* ItemCollectionViewCell.swift */ = {isa = PBXFileReference; lastKnownFileType = sourcecode.swift; path = ItemCollectionViewCell.swift; sourceTree = "<group>"; };
		744140962BD3AA9600C90238 /* ItemModel.swift */ = {isa = PBXFileReference; lastKnownFileType = sourcecode.swift; path = ItemModel.swift; sourceTree = "<group>"; };
		7443300E2C01BE130098850A /* LoginViewController_DI.swift */ = {isa = PBXFileReference; lastKnownFileType = sourcecode.swift; path = LoginViewController_DI.swift; sourceTree = "<group>"; };
		744330102C01BE420098850A /* ViewModelType.swift */ = {isa = PBXFileReference; lastKnownFileType = sourcecode.swift; path = ViewModelType.swift; sourceTree = "<group>"; };
		744330122C01BE660098850A /* LoginViewModel_Rx.swift */ = {isa = PBXFileReference; lastKnownFileType = sourcecode.swift; path = LoginViewModel_Rx.swift; sourceTree = "<group>"; };
		744330142C01BE940098850A /* LoginViewController_Rx.swift */ = {isa = PBXFileReference; lastKnownFileType = sourcecode.swift; path = LoginViewController_Rx.swift; sourceTree = "<group>"; };
		744330162C01BEC10098850A /* LoginViewController_LiveCoding.swift */ = {isa = PBXFileReference; lastKnownFileType = sourcecode.swift; path = LoginViewController_LiveCoding.swift; sourceTree = "<group>"; };
		74B321B32BD0E6C900476086 /* UIScrollViewController.swift */ = {isa = PBXFileReference; lastKnownFileType = sourcecode.swift; path = UIScrollViewController.swift; sourceTree = "<group>"; };
		74B321B72BD0E71600476086 /* LoginViewController_Closure.swift */ = {isa = PBXFileReference; lastKnownFileType = sourcecode.swift; path = LoginViewController_Closure.swift; sourceTree = "<group>"; };
		74B321B92BD0E72700476086 /* WelcomeViewController_Closure.swift */ = {isa = PBXFileReference; lastKnownFileType = sourcecode.swift; path = WelcomeViewController_Closure.swift; sourceTree = "<group>"; };
		74B321BC2BD0E74900476086 /* WelcomeViewController_DelegatePattern.swift */ = {isa = PBXFileReference; lastKnownFileType = sourcecode.swift; path = WelcomeViewController_DelegatePattern.swift; sourceTree = "<group>"; };
		74B321BE2BD0E75F00476086 /* LoginViewController_DelegatePattern.swift */ = {isa = PBXFileReference; lastKnownFileType = sourcecode.swift; path = LoginViewController_DelegatePattern.swift; sourceTree = "<group>"; };
		74D943522BB7D7AE00DF4AC7 /* 34th-Sopt-Seminar.app */ = {isa = PBXFileReference; explicitFileType = wrapper.application; includeInIndex = 0; path = "34th-Sopt-Seminar.app"; sourceTree = BUILT_PRODUCTS_DIR; };
		74D943552BB7D7AE00DF4AC7 /* AppDelegate.swift */ = {isa = PBXFileReference; lastKnownFileType = sourcecode.swift; path = AppDelegate.swift; sourceTree = "<group>"; };
		74D943572BB7D7AE00DF4AC7 /* SceneDelegate.swift */ = {isa = PBXFileReference; lastKnownFileType = sourcecode.swift; path = SceneDelegate.swift; sourceTree = "<group>"; };
		74D9435C2BB7D7AE00DF4AC7 /* Base */ = {isa = PBXFileReference; lastKnownFileType = file.storyboard; name = Base; path = Base.lproj/Main.storyboard; sourceTree = "<group>"; };
		74D9435E2BB7D7B000DF4AC7 /* Assets.xcassets */ = {isa = PBXFileReference; lastKnownFileType = folder.assetcatalog; path = Assets.xcassets; sourceTree = "<group>"; };
		74D943612BB7D7B000DF4AC7 /* Base */ = {isa = PBXFileReference; lastKnownFileType = file.storyboard; name = Base; path = Base.lproj/LaunchScreen.storyboard; sourceTree = "<group>"; };
		74D943632BB7D7B000DF4AC7 /* Info.plist */ = {isa = PBXFileReference; lastKnownFileType = text.plist.xml; path = Info.plist; sourceTree = "<group>"; };
		74D943692BB7E4AF00DF4AC7 /* LoginViewController.swift */ = {isa = PBXFileReference; lastKnownFileType = sourcecode.swift; path = LoginViewController.swift; sourceTree = "<group>"; };
		74D9436D2BB7E63800DF4AC7 /* WelcomeViewController.swift */ = {isa = PBXFileReference; lastKnownFileType = sourcecode.swift; path = WelcomeViewController.swift; sourceTree = "<group>"; };
		74D9436F2BB7EDEF00DF4AC7 /* Pretendard-ExtraBold.otf */ = {isa = PBXFileReference; lastKnownFileType = file; path = "Pretendard-ExtraBold.otf"; sourceTree = "<group>"; };
		74D943702BB7EDEF00DF4AC7 /* Pretendard-Bold.otf */ = {isa = PBXFileReference; lastKnownFileType = file; path = "Pretendard-Bold.otf"; sourceTree = "<group>"; };
		74D943712BB7EDEF00DF4AC7 /* Pretendard-SemiBold.otf */ = {isa = PBXFileReference; lastKnownFileType = file; path = "Pretendard-SemiBold.otf"; sourceTree = "<group>"; };
/* End PBXFileReference section */

/* Begin PBXFrameworksBuildPhase section */
		74D9434F2BB7D7AE00DF4AC7 /* Frameworks */ = {
			isa = PBXFrameworksBuildPhase;
			buildActionMask = 2147483647;
			files = (
				7413A3232BDCC9310049FDCF /* RxMoya in Frameworks */,
				74B321C22BD0E77200476086 /* SnapKit in Frameworks */,
				74B321C42BD0E77200476086 /* SnapKit-Dynamic in Frameworks */,
				7413A33F2BDCD0230049FDCF /* Then in Frameworks */,
				7413A31F2BDCC9310049FDCF /* Moya in Frameworks */,
				7413A3212BDCC9310049FDCF /* ReactiveMoya in Frameworks */,
				7413A31D2BDCC9310049FDCF /* CombineMoya in Frameworks */,
			);
			runOnlyForDeploymentPostprocessing = 0;
		};
/* End PBXFrameworksBuildPhase section */

/* Begin PBXGroup section */
		7413A31A2BDCC7A20049FDCF /* 4th */ = {
			isa = PBXGroup;
			children = (
				7413A3242BDCCA120049FDCF /* Config.swift */,
				7413A3422BDCD8B30049FDCF /* Login */,
				7413A3382BDCCFAD0049FDCF /* UserInfo */,
				7413A32D2BDCCEEF0049FDCF /* SignUp */,
				7413A3262BDCCE4B0049FDCF /* Network */,
			);
			name = 4th;
			path = "4소";
			sourceTree = "<group>";
		};
		7413A3262BDCCE4B0049FDCF /* Network */ = {
			isa = PBXGroup;
			children = (
				7413A3272BDCCE690049FDCF /* NetworkResult.swift */,
				7413A3292BDCCE9F0049FDCF /* MoyaLogginPlugin.swift */,
			);
			path = Network;
			sourceTree = "<group>";
		};
		7413A32D2BDCCEEF0049FDCF /* SignUp */ = {
			isa = PBXGroup;
			children = (
				7413A32E2BDCCF1A0049FDCF /* SignUpRequestModel.swift */,
				7413A3362BDCCF9E0049FDCF /* UserService.swift */,
				7413A3302BDCCF400049FDCF /* SignUpResponseModel.swift */,
				7413A3342BDCCF840049FDCF /* UserTargetType.swift */,
				7413A3322BDCCF5C0049FDCF /* SignUpViewController.swift */,
			);
			path = SignUp;
			sourceTree = "<group>";
		};
		7413A3382BDCCFAD0049FDCF /* UserInfo */ = {
			isa = PBXGroup;
			children = (
				7413A3392BDCCFC00049FDCF /* CheckUserInfoViewController.swift */,
				7413A33B2BDCCFDB0049FDCF /* UserInfoResponseModel.swift */,
			);
			path = UserInfo;
			sourceTree = "<group>";
		};
		7413A3422BDCD8B30049FDCF /* Login */ = {
			isa = PBXGroup;
			children = (
				7413A3402BDCD8990049FDCF /* LoginServerViewController.swift */,
				7413A3452BDCDD3E0049FDCF /* LoginResponseModel.swift */,
				7413A3432BDCD9820049FDCF /* LoginRequestModel.swift */,
			);
			path = Login;
			sourceTree = "<group>";
		};
		744140852BD38A1700C90238 /* 3rd */ = {
			isa = PBXGroup;
			children = (
				744140862BD38A5700C90238 /* LoginView.swift */,
				744140882BD38ABD00C90238 /* LoginViewController_CustomView.swift */,
				744140912BD3A69500C90238 /* ItemCollectionView */,
				7441408E2BD38ECF00C90238 /* ChatTableView */,
			);
			path = 3rd;
			sourceTree = "<group>";
		};
		7441408E2BD38ECF00C90238 /* ChatTableView */ = {
			isa = PBXGroup;
			children = (
				7441408F2BD39C7800C90238 /* ChatModel.swift */,
				7441408A2BD38E9400C90238 /* ChatViewController.swift */,
				7441408C2BD38EC400C90238 /* ChatTableViewCell.swift */,
			);
			path = ChatTableView;
			sourceTree = "<group>";
		};
		744140912BD3A69500C90238 /* ItemCollectionView */ = {
			isa = PBXGroup;
			children = (
				744140922BD3A6B700C90238 /* ItemViewController.swift */,
				744140962BD3AA9600C90238 /* ItemModel.swift */,
				744140942BD3AA2600C90238 /* ItemCollectionViewCell.swift */,
			);
			path = ItemCollectionView;
			sourceTree = "<group>";
		};
		7443300D2C01BDFC0098850A /* 7th */ = {
			isa = PBXGroup;
			children = (
				7443300E2C01BE130098850A /* LoginViewController_DI.swift */,
				744330102C01BE420098850A /* ViewModelType.swift */,
				744330142C01BE940098850A /* LoginViewController_Rx.swift */,
				744330162C01BEC10098850A /* LoginViewController_LiveCoding.swift */,
				744330122C01BE660098850A /* LoginViewModel_Rx.swift */,
			);
			path = 7th;
			sourceTree = "<group>";
		};
		74B321B22BD0E69E00476086 /* 1st */ = {
			isa = PBXGroup;
			children = (
				74D943692BB7E4AF00DF4AC7 /* LoginViewController.swift */,
				74D9436D2BB7E63800DF4AC7 /* WelcomeViewController.swift */,
			);
			path = 1st;
			sourceTree = "<group>";
		};
		74B321B52BD0E6EC00476086 /* 2nd */ = {
			isa = PBXGroup;
			children = (
				74B321B32BD0E6C900476086 /* UIScrollViewController.swift */,
				74B321BB2BD0E73000476086 /* DelegatePattern */,
				74B321B62BD0E6FF00476086 /* Closure */,
			);
			path = 2nd;
			sourceTree = "<group>";
		};
		74B321B62BD0E6FF00476086 /* Closure */ = {
			isa = PBXGroup;
			children = (
				74B321B72BD0E71600476086 /* LoginViewController_Closure.swift */,
				74B321B92BD0E72700476086 /* WelcomeViewController_Closure.swift */,
			);
			path = Closure;
			sourceTree = "<group>";
		};
		74B321BB2BD0E73000476086 /* DelegatePattern */ = {
			isa = PBXGroup;
			children = (
				74B321BC2BD0E74900476086 /* WelcomeViewController_DelegatePattern.swift */,
				74B321BE2BD0E75F00476086 /* LoginViewController_DelegatePattern.swift */,
			);
			path = DelegatePattern;
			sourceTree = "<group>";
		};
		74D943492BB7D7AE00DF4AC7 = {
			isa = PBXGroup;
			children = (
				74D943542BB7D7AE00DF4AC7 /* 34th-Sopt-Seminar */,
				74D943532BB7D7AE00DF4AC7 /* Products */,
			);
			sourceTree = "<group>";
		};
		74D943532BB7D7AE00DF4AC7 /* Products */ = {
			isa = PBXGroup;
			children = (
				74D943522BB7D7AE00DF4AC7 /* 34th-Sopt-Seminar.app */,
			);
			name = Products;
			sourceTree = "<group>";
		};
		74D943542BB7D7AE00DF4AC7 /* 34th-Sopt-Seminar */ = {
			isa = PBXGroup;
			children = (
				74D943552BB7D7AE00DF4AC7 /* AppDelegate.swift */,
				74D943572BB7D7AE00DF4AC7 /* SceneDelegate.swift */,
				74B321B22BD0E69E00476086 /* 1st */,
				74B321B52BD0E6EC00476086 /* 2nd */,
				744140852BD38A1700C90238 /* 3rd */,
				7413A31A2BDCC7A20049FDCF /* 4th */,
				74D9435E2BB7D7B000DF4AC7 /* Assets.xcassets */,
				7443300D2C01BDFC0098850A /* 7th */,
				74D9435B2BB7D7AE00DF4AC7 /* Main.storyboard */,
				74D943602BB7D7B000DF4AC7 /* LaunchScreen.storyboard */,
				74D943632BB7D7B000DF4AC7 /* Info.plist */,
				74D943722BB7EDFE00DF4AC7 /* Fonts */,
			);
			path = "34th-Sopt-Seminar";
			sourceTree = "<group>";
		};
		74D943722BB7EDFE00DF4AC7 /* Fonts */ = {
			isa = PBXGroup;
			children = (
				74D943702BB7EDEF00DF4AC7 /* Pretendard-Bold.otf */,
				74D943712BB7EDEF00DF4AC7 /* Pretendard-SemiBold.otf */,
				74D9436F2BB7EDEF00DF4AC7 /* Pretendard-ExtraBold.otf */,
			);
			path = Fonts;
			sourceTree = "<group>";
		};
/* End PBXGroup section */

/* Begin PBXNativeTarget section */
		74D943512BB7D7AE00DF4AC7 /* 34th-Sopt-Seminar */ = {
			isa = PBXNativeTarget;
			buildConfigurationList = 74D943662BB7D7B000DF4AC7 /* Build configuration list for PBXNativeTarget "34th-Sopt-Seminar" */;
			buildPhases = (
				74D9434E2BB7D7AE00DF4AC7 /* Sources */,
				74D9434F2BB7D7AE00DF4AC7 /* Frameworks */,
				74D943502BB7D7AE00DF4AC7 /* Resources */,
			);
			buildRules = (
			);
			dependencies = (
			);
			name = "34th-Sopt-Seminar";
			packageProductDependencies = (
				74B321C12BD0E77200476086 /* SnapKit */,
				74B321C32BD0E77200476086 /* SnapKit-Dynamic */,
				7413A31C2BDCC9310049FDCF /* CombineMoya */,
				7413A31E2BDCC9310049FDCF /* Moya */,
				7413A3202BDCC9310049FDCF /* ReactiveMoya */,
				7413A3222BDCC9310049FDCF /* RxMoya */,
				7413A33E2BDCD0230049FDCF /* Then */,
			);
			productName = "34th-Sopt-Seminar";
			productReference = 74D943522BB7D7AE00DF4AC7 /* 34th-Sopt-Seminar.app */;
			productType = "com.apple.product-type.application";
		};
/* End PBXNativeTarget section */

/* Begin PBXProject section */
		74D9434A2BB7D7AE00DF4AC7 /* Project object */ = {
			isa = PBXProject;
			attributes = {
				BuildIndependentTargetsInParallel = 1;
				LastSwiftUpdateCheck = 1520;
				LastUpgradeCheck = 1520;
				TargetAttributes = {
					74D943512BB7D7AE00DF4AC7 = {
						CreatedOnToolsVersion = 15.2;
					};
				};
			};
			buildConfigurationList = 74D9434D2BB7D7AE00DF4AC7 /* Build configuration list for PBXProject "34th-Sopt-Seminar" */;
			compatibilityVersion = "Xcode 14.0";
			developmentRegion = en;
			hasScannedForEncodings = 0;
			knownRegions = (
				en,
				Base,
			);
			mainGroup = 74D943492BB7D7AE00DF4AC7;
			packageReferences = (
				74B321C02BD0E77200476086 /* XCRemoteSwiftPackageReference "SnapKit" */,
				7413A31B2BDCC9310049FDCF /* XCRemoteSwiftPackageReference "moya" */,
				7413A33D2BDCD0230049FDCF /* XCRemoteSwiftPackageReference "Then" */,
			);
			productRefGroup = 74D943532BB7D7AE00DF4AC7 /* Products */;
			projectDirPath = "";
			projectRoot = "";
			targets = (
				74D943512BB7D7AE00DF4AC7 /* 34th-Sopt-Seminar */,
			);
		};
/* End PBXProject section */

/* Begin PBXResourcesBuildPhase section */
		74D943502BB7D7AE00DF4AC7 /* Resources */ = {
			isa = PBXResourcesBuildPhase;
			buildActionMask = 2147483647;
			files = (
				74D943622BB7D7B000DF4AC7 /* LaunchScreen.storyboard in Resources */,
				74D943732BB7F04200DF4AC7 /* Pretendard-Bold.otf in Resources */,
				74D943752BB7F04700DF4AC7 /* Pretendard-ExtraBold.otf in Resources */,
				74D943742BB7F04500DF4AC7 /* Pretendard-SemiBold.otf in Resources */,
				74D9435F2BB7D7B000DF4AC7 /* Assets.xcassets in Resources */,
				74D9435D2BB7D7AE00DF4AC7 /* Main.storyboard in Resources */,
			);
			runOnlyForDeploymentPostprocessing = 0;
		};
/* End PBXResourcesBuildPhase section */

/* Begin PBXSourcesBuildPhase section */
		74D9434E2BB7D7AE00DF4AC7 /* Sources */ = {
			isa = PBXSourcesBuildPhase;
			buildActionMask = 2147483647;
			files = (
				7413A3462BDCDD3E0049FDCF /* LoginResponseModel.swift in Sources */,
				7413A33C2BDCCFDB0049FDCF /* UserInfoResponseModel.swift in Sources */,
				744140972BD3AA9600C90238 /* ItemModel.swift in Sources */,
				7413A3372BDCCF9E0049FDCF /* UserService.swift in Sources */,
				7413A3442BDCD9820049FDCF /* LoginRequestModel.swift in Sources */,
				74D9436A2BB7E4AF00DF4AC7 /* LoginViewController.swift in Sources */,
				74B321BD2BD0E74900476086 /* WelcomeViewController_DelegatePattern.swift in Sources */,
				744140932BD3A6B700C90238 /* ItemViewController.swift in Sources */,
				74B321B42BD0E6C900476086 /* UIScrollViewController.swift in Sources */,
				7443300F2C01BE130098850A /* LoginViewController_DI.swift in Sources */,
				7413A32F2BDCCF1A0049FDCF /* SignUpRequestModel.swift in Sources */,
				7413A3332BDCCF5C0049FDCF /* SignUpViewController.swift in Sources */,
				7413A3352BDCCF840049FDCF /* UserTargetType.swift in Sources */,
				744140902BD39C7800C90238 /* ChatModel.swift in Sources */,
				744330172C01BEC10098850A /* LoginViewController_LiveCoding.swift in Sources */,
				744330152C01BE940098850A /* LoginViewController_Rx.swift in Sources */,
				7413A32A2BDCCE9F0049FDCF /* MoyaLogginPlugin.swift in Sources */,
				744330132C01BE660098850A /* LoginViewModel_Rx.swift in Sources */,
				7413A3312BDCCF400049FDCF /* SignUpResponseModel.swift in Sources */,
				74D9436E2BB7E63800DF4AC7 /* WelcomeViewController.swift in Sources */,
				74D943562BB7D7AE00DF4AC7 /* AppDelegate.swift in Sources */,
				74B321BF2BD0E75F00476086 /* LoginViewController_DelegatePattern.swift in Sources */,
				744140892BD38ABD00C90238 /* LoginViewController_CustomView.swift in Sources */,
				7413A33A2BDCCFC00049FDCF /* CheckUserInfoViewController.swift in Sources */,
				74B321B82BD0E71600476086 /* LoginViewController_Closure.swift in Sources */,
				7413A3252BDCCA120049FDCF /* Config.swift in Sources */,
				74B321BA2BD0E72700476086 /* WelcomeViewController_Closure.swift in Sources */,
				7413A3412BDCD8990049FDCF /* LoginServerViewController.swift in Sources */,
				744140872BD38A5700C90238 /* LoginView.swift in Sources */,
				7441408B2BD38E9400C90238 /* ChatViewController.swift in Sources */,
				744140952BD3AA2700C90238 /* ItemCollectionViewCell.swift in Sources */,
				744330112C01BE420098850A /* ViewModelType.swift in Sources */,
				7441408D2BD38EC400C90238 /* ChatTableViewCell.swift in Sources */,
				74D943582BB7D7AE00DF4AC7 /* SceneDelegate.swift in Sources */,
				7413A3282BDCCE690049FDCF /* NetworkResult.swift in Sources */,
			);
			runOnlyForDeploymentPostprocessing = 0;
		};
/* End PBXSourcesBuildPhase section */

/* Begin PBXVariantGroup section */
		74D9435B2BB7D7AE00DF4AC7 /* Main.storyboard */ = {
			isa = PBXVariantGroup;
			children = (
				74D9435C2BB7D7AE00DF4AC7 /* Base */,
			);
			name = Main.storyboard;
			sourceTree = "<group>";
		};
		74D943602BB7D7B000DF4AC7 /* LaunchScreen.storyboard */ = {
			isa = PBXVariantGroup;
			children = (
				74D943612BB7D7B000DF4AC7 /* Base */,
			);
			name = LaunchScreen.storyboard;
			sourceTree = "<group>";
		};
/* End PBXVariantGroup section */

/* Begin XCBuildConfiguration section */
		74D943642BB7D7B000DF4AC7 /* Debug */ = {
			isa = XCBuildConfiguration;
			buildSettings = {
				ALWAYS_SEARCH_USER_PATHS = NO;
				ASSETCATALOG_COMPILER_GENERATE_SWIFT_ASSET_SYMBOL_EXTENSIONS = YES;
				CLANG_ANALYZER_NONNULL = YES;
				CLANG_ANALYZER_NUMBER_OBJECT_CONVERSION = YES_AGGRESSIVE;
				CLANG_CXX_LANGUAGE_STANDARD = "gnu++20";
				CLANG_ENABLE_MODULES = YES;
				CLANG_ENABLE_OBJC_ARC = YES;
				CLANG_ENABLE_OBJC_WEAK = YES;
				CLANG_WARN_BLOCK_CAPTURE_AUTORELEASING = YES;
				CLANG_WARN_BOOL_CONVERSION = YES;
				CLANG_WARN_COMMA = YES;
				CLANG_WARN_CONSTANT_CONVERSION = YES;
				CLANG_WARN_DEPRECATED_OBJC_IMPLEMENTATIONS = YES;
				CLANG_WARN_DIRECT_OBJC_ISA_USAGE = YES_ERROR;
				CLANG_WARN_DOCUMENTATION_COMMENTS = YES;
				CLANG_WARN_EMPTY_BODY = YES;
				CLANG_WARN_ENUM_CONVERSION = YES;
				CLANG_WARN_INFINITE_RECURSION = YES;
				CLANG_WARN_INT_CONVERSION = YES;
				CLANG_WARN_NON_LITERAL_NULL_CONVERSION = YES;
				CLANG_WARN_OBJC_IMPLICIT_RETAIN_SELF = YES;
				CLANG_WARN_OBJC_LITERAL_CONVERSION = YES;
				CLANG_WARN_OBJC_ROOT_CLASS = YES_ERROR;
				CLANG_WARN_QUOTED_INCLUDE_IN_FRAMEWORK_HEADER = YES;
				CLANG_WARN_RANGE_LOOP_ANALYSIS = YES;
				CLANG_WARN_STRICT_PROTOTYPES = YES;
				CLANG_WARN_SUSPICIOUS_MOVE = YES;
				CLANG_WARN_UNGUARDED_AVAILABILITY = YES_AGGRESSIVE;
				CLANG_WARN_UNREACHABLE_CODE = YES;
				CLANG_WARN__DUPLICATE_METHOD_MATCH = YES;
				COPY_PHASE_STRIP = NO;
				DEBUG_INFORMATION_FORMAT = dwarf;
				ENABLE_STRICT_OBJC_MSGSEND = YES;
				ENABLE_TESTABILITY = YES;
				ENABLE_USER_SCRIPT_SANDBOXING = YES;
				GCC_C_LANGUAGE_STANDARD = gnu17;
				GCC_DYNAMIC_NO_PIC = NO;
				GCC_NO_COMMON_BLOCKS = YES;
				GCC_OPTIMIZATION_LEVEL = 0;
				GCC_PREPROCESSOR_DEFINITIONS = (
					"DEBUG=1",
					"$(inherited)",
				);
				GCC_WARN_64_TO_32_BIT_CONVERSION = YES;
				GCC_WARN_ABOUT_RETURN_TYPE = YES_ERROR;
				GCC_WARN_UNDECLARED_SELECTOR = YES;
				GCC_WARN_UNINITIALIZED_AUTOS = YES_AGGRESSIVE;
				GCC_WARN_UNUSED_FUNCTION = YES;
				GCC_WARN_UNUSED_VARIABLE = YES;
				IPHONEOS_DEPLOYMENT_TARGET = 17.2;
				LOCALIZATION_PREFERS_STRING_CATALOGS = YES;
				MTL_ENABLE_DEBUG_INFO = INCLUDE_SOURCE;
				MTL_FAST_MATH = YES;
				ONLY_ACTIVE_ARCH = YES;
				SDKROOT = iphoneos;
				SWIFT_ACTIVE_COMPILATION_CONDITIONS = "DEBUG $(inherited)";
				SWIFT_OPTIMIZATION_LEVEL = "-Onone";
			};
			name = Debug;
		};
		74D943652BB7D7B000DF4AC7 /* Release */ = {
			isa = XCBuildConfiguration;
			buildSettings = {
				ALWAYS_SEARCH_USER_PATHS = NO;
				ASSETCATALOG_COMPILER_GENERATE_SWIFT_ASSET_SYMBOL_EXTENSIONS = YES;
				CLANG_ANALYZER_NONNULL = YES;
				CLANG_ANALYZER_NUMBER_OBJECT_CONVERSION = YES_AGGRESSIVE;
				CLANG_CXX_LANGUAGE_STANDARD = "gnu++20";
				CLANG_ENABLE_MODULES = YES;
				CLANG_ENABLE_OBJC_ARC = YES;
				CLANG_ENABLE_OBJC_WEAK = YES;
				CLANG_WARN_BLOCK_CAPTURE_AUTORELEASING = YES;
				CLANG_WARN_BOOL_CONVERSION = YES;
				CLANG_WARN_COMMA = YES;
				CLANG_WARN_CONSTANT_CONVERSION = YES;
				CLANG_WARN_DEPRECATED_OBJC_IMPLEMENTATIONS = YES;
				CLANG_WARN_DIRECT_OBJC_ISA_USAGE = YES_ERROR;
				CLANG_WARN_DOCUMENTATION_COMMENTS = YES;
				CLANG_WARN_EMPTY_BODY = YES;
				CLANG_WARN_ENUM_CONVERSION = YES;
				CLANG_WARN_INFINITE_RECURSION = YES;
				CLANG_WARN_INT_CONVERSION = YES;
				CLANG_WARN_NON_LITERAL_NULL_CONVERSION = YES;
				CLANG_WARN_OBJC_IMPLICIT_RETAIN_SELF = YES;
				CLANG_WARN_OBJC_LITERAL_CONVERSION = YES;
				CLANG_WARN_OBJC_ROOT_CLASS = YES_ERROR;
				CLANG_WARN_QUOTED_INCLUDE_IN_FRAMEWORK_HEADER = YES;
				CLANG_WARN_RANGE_LOOP_ANALYSIS = YES;
				CLANG_WARN_STRICT_PROTOTYPES = YES;
				CLANG_WARN_SUSPICIOUS_MOVE = YES;
				CLANG_WARN_UNGUARDED_AVAILABILITY = YES_AGGRESSIVE;
				CLANG_WARN_UNREACHABLE_CODE = YES;
				CLANG_WARN__DUPLICATE_METHOD_MATCH = YES;
				COPY_PHASE_STRIP = NO;
				DEBUG_INFORMATION_FORMAT = "dwarf-with-dsym";
				ENABLE_NS_ASSERTIONS = NO;
				ENABLE_STRICT_OBJC_MSGSEND = YES;
				ENABLE_USER_SCRIPT_SANDBOXING = YES;
				GCC_C_LANGUAGE_STANDARD = gnu17;
				GCC_NO_COMMON_BLOCKS = YES;
				GCC_WARN_64_TO_32_BIT_CONVERSION = YES;
				GCC_WARN_ABOUT_RETURN_TYPE = YES_ERROR;
				GCC_WARN_UNDECLARED_SELECTOR = YES;
				GCC_WARN_UNINITIALIZED_AUTOS = YES_AGGRESSIVE;
				GCC_WARN_UNUSED_FUNCTION = YES;
				GCC_WARN_UNUSED_VARIABLE = YES;
				IPHONEOS_DEPLOYMENT_TARGET = 17.2;
				LOCALIZATION_PREFERS_STRING_CATALOGS = YES;
				MTL_ENABLE_DEBUG_INFO = NO;
				MTL_FAST_MATH = YES;
				SDKROOT = iphoneos;
				SWIFT_COMPILATION_MODE = wholemodule;
				VALIDATE_PRODUCT = YES;
			};
			name = Release;
		};
		74D943672BB7D7B000DF4AC7 /* Debug */ = {
			isa = XCBuildConfiguration;
			buildSettings = {
				ASSETCATALOG_COMPILER_APPICON_NAME = AppIcon;
				ASSETCATALOG_COMPILER_GLOBAL_ACCENT_COLOR_NAME = AccentColor;
				BASE_URL = "http://34.64.233.12:8080";
				CODE_SIGN_STYLE = Automatic;
				CURRENT_PROJECT_VERSION = 1;
				DEVELOPMENT_TEAM = H4NCX3RT8V;
				GENERATE_INFOPLIST_FILE = YES;
				INFOPLIST_FILE = "34th-Sopt-Seminar/Info.plist";
				INFOPLIST_KEY_UIApplicationSupportsIndirectInputEvents = YES;
				INFOPLIST_KEY_UILaunchStoryboardName = LaunchScreen;
				INFOPLIST_KEY_UIMainStoryboardFile = Main;
				INFOPLIST_KEY_UISupportedInterfaceOrientations_iPad = "UIInterfaceOrientationPortrait UIInterfaceOrientationPortraitUpsideDown UIInterfaceOrientationLandscapeLeft UIInterfaceOrientationLandscapeRight";
				INFOPLIST_KEY_UISupportedInterfaceOrientations_iPhone = "UIInterfaceOrientationPortrait UIInterfaceOrientationLandscapeLeft UIInterfaceOrientationLandscapeRight";
				LD_RUNPATH_SEARCH_PATHS = (
					"$(inherited)",
					"@executable_path/Frameworks",
				);
				MARKETING_VERSION = 1.0;
				PRODUCT_BUNDLE_IDENTIFIER = "com.cirtuare.-4th-Sopt-Seminar";
				PRODUCT_NAME = "$(TARGET_NAME)";
				SWIFT_EMIT_LOC_STRINGS = YES;
				SWIFT_VERSION = 5.0;
				TARGETED_DEVICE_FAMILY = "1,2";
			};
			name = Debug;
		};
		74D943682BB7D7B000DF4AC7 /* Release */ = {
			isa = XCBuildConfiguration;
			buildSettings = {
				ASSETCATALOG_COMPILER_APPICON_NAME = AppIcon;
				ASSETCATALOG_COMPILER_GLOBAL_ACCENT_COLOR_NAME = AccentColor;
				BASE_URL = "http://34.64.233.12:8080";
				CODE_SIGN_STYLE = Automatic;
				CURRENT_PROJECT_VERSION = 1;
				DEVELOPMENT_TEAM = H4NCX3RT8V;
				GENERATE_INFOPLIST_FILE = YES;
				INFOPLIST_FILE = "34th-Sopt-Seminar/Info.plist";
				INFOPLIST_KEY_UIApplicationSupportsIndirectInputEvents = YES;
				INFOPLIST_KEY_UILaunchStoryboardName = LaunchScreen;
				INFOPLIST_KEY_UIMainStoryboardFile = Main;
				INFOPLIST_KEY_UISupportedInterfaceOrientations_iPad = "UIInterfaceOrientationPortrait UIInterfaceOrientationPortraitUpsideDown UIInterfaceOrientationLandscapeLeft UIInterfaceOrientationLandscapeRight";
				INFOPLIST_KEY_UISupportedInterfaceOrientations_iPhone = "UIInterfaceOrientationPortrait UIInterfaceOrientationLandscapeLeft UIInterfaceOrientationLandscapeRight";
				LD_RUNPATH_SEARCH_PATHS = (
					"$(inherited)",
					"@executable_path/Frameworks",
				);
				MARKETING_VERSION = 1.0;
				PRODUCT_BUNDLE_IDENTIFIER = "com.cirtuare.-4th-Sopt-Seminar";
				PRODUCT_NAME = "$(TARGET_NAME)";
				SWIFT_EMIT_LOC_STRINGS = YES;
				SWIFT_VERSION = 5.0;
				TARGETED_DEVICE_FAMILY = "1,2";
			};
			name = Release;
		};
/* End XCBuildConfiguration section */

/* Begin XCConfigurationList section */
		74D9434D2BB7D7AE00DF4AC7 /* Build configuration list for PBXProject "34th-Sopt-Seminar" */ = {
			isa = XCConfigurationList;
			buildConfigurations = (
				74D943642BB7D7B000DF4AC7 /* Debug */,
				74D943652BB7D7B000DF4AC7 /* Release */,
			);
			defaultConfigurationIsVisible = 0;
			defaultConfigurationName = Release;
		};
		74D943662BB7D7B000DF4AC7 /* Build configuration list for PBXNativeTarget "34th-Sopt-Seminar" */ = {
			isa = XCConfigurationList;
			buildConfigurations = (
				74D943672BB7D7B000DF4AC7 /* Debug */,
				74D943682BB7D7B000DF4AC7 /* Release */,
			);
			defaultConfigurationIsVisible = 0;
			defaultConfigurationName = Release;
		};
/* End XCConfigurationList section */

/* Begin XCRemoteSwiftPackageReference section */
		7413A31B2BDCC9310049FDCF /* XCRemoteSwiftPackageReference "moya" */ = {
			isa = XCRemoteSwiftPackageReference;
			repositoryURL = "https://github.com/moya/moya";
			requirement = {
				kind = upToNextMajorVersion;
				minimumVersion = 15.0.3;
			};
		};
		7413A33D2BDCD0230049FDCF /* XCRemoteSwiftPackageReference "Then" */ = {
			isa = XCRemoteSwiftPackageReference;
			repositoryURL = "https://github.com/devxoul/Then";
			requirement = {
				kind = upToNextMajorVersion;
				minimumVersion = 3.0.0;
			};
		};
		74B321C02BD0E77200476086 /* XCRemoteSwiftPackageReference "SnapKit" */ = {
			isa = XCRemoteSwiftPackageReference;
			repositoryURL = "https://github.com/SnapKit/SnapKit";
			requirement = {
				kind = upToNextMajorVersion;
				minimumVersion = 5.7.1;
			};
		};
/* End XCRemoteSwiftPackageReference section */

/* Begin XCSwiftPackageProductDependency section */
		7413A31C2BDCC9310049FDCF /* CombineMoya */ = {
			isa = XCSwiftPackageProductDependency;
			package = 7413A31B2BDCC9310049FDCF /* XCRemoteSwiftPackageReference "moya" */;
			productName = CombineMoya;
		};
		7413A31E2BDCC9310049FDCF /* Moya */ = {
			isa = XCSwiftPackageProductDependency;
			package = 7413A31B2BDCC9310049FDCF /* XCRemoteSwiftPackageReference "moya" */;
			productName = Moya;
		};
		7413A3202BDCC9310049FDCF /* ReactiveMoya */ = {
			isa = XCSwiftPackageProductDependency;
			package = 7413A31B2BDCC9310049FDCF /* XCRemoteSwiftPackageReference "moya" */;
			productName = ReactiveMoya;
		};
		7413A3222BDCC9310049FDCF /* RxMoya */ = {
			isa = XCSwiftPackageProductDependency;
			package = 7413A31B2BDCC9310049FDCF /* XCRemoteSwiftPackageReference "moya" */;
			productName = RxMoya;
		};
		7413A33E2BDCD0230049FDCF /* Then */ = {
			isa = XCSwiftPackageProductDependency;
			package = 7413A33D2BDCD0230049FDCF /* XCRemoteSwiftPackageReference "Then" */;
			productName = Then;
		};
		74B321C12BD0E77200476086 /* SnapKit */ = {
			isa = XCSwiftPackageProductDependency;
			package = 74B321C02BD0E77200476086 /* XCRemoteSwiftPackageReference "SnapKit" */;
			productName = SnapKit;
		};
		74B321C32BD0E77200476086 /* SnapKit-Dynamic */ = {
			isa = XCSwiftPackageProductDependency;
			package = 74B321C02BD0E77200476086 /* XCRemoteSwiftPackageReference "SnapKit" */;
			productName = "SnapKit-Dynamic";
		};
/* End XCSwiftPackageProductDependency section */
	};
	rootObject = 74D9434A2BB7D7AE00DF4AC7 /* Project object */;
}
